
Microsoft Visual Studio Solution File, Format Version 12.00
# Visual Studio Version 16
VisualStudioVersion = 16.0.30523.141
MinimumVisualStudioVersion = 10.0.40219.1
Project("{FAE04EC0-301F-11D3-BF4B-00C04F79EFBC}") = "MVC", "LoginAuthentication\MVC.csproj", "{B583F543-F07C-4266-A764-6C8C90403028}"
EndProject
Global
	GlobalSection(SolutionConfigurationPlatforms) = preSolution
		Debug|Any CPU = Debug|Any CPU
		Release|Any CPU = Release|Any CPU
	EndGlobalSection
	GlobalSection(ProjectConfigurationPlatforms) = postSolution
		{B583F543-F07C-4266-A764-6C8C90403028}.Debug|Any CPU.ActiveCfg = Debug|Any CPU
		{B583F543-F07C-4266-A764-6C8C90403028}.Debug|Any CPU.Build.0 = Debug|Any CPU
		{B583F543-F07C-4266-A764-6C8C90403028}.Release|Any CPU.ActiveCfg = Release|Any CPU
		{B583F543-F07C-4266-A764-6C8C90403028}.Release|Any CPU.Build.0 = Release|Any CPU
	EndGlobalSection
	GlobalSection(SolutionProperties) = preSolution
		HideSolutionNode = FALSE
	EndGlobalSection
	GlobalSection(ExtensibilityGlobals) = postSolution
		SolutionGuid = {6EE2F074-244A-452D-B96F-7D8DBD1E4289}
	EndGlobalSection
EndGlobal
